
Microsoft Visual Studio Solution File, Format Version 12.00
# Visual Studio Version 17
VisualStudioVersion = 17.5.002.0
MinimumVisualStudioVersion = 10.0.40219.1
Project("{9A19103F-16F7-4668-BE54-9A1E7A4F7556}") = "Assembly-CSharp-Editor", "Assembly-CSharp-Editor.csproj", "{59479618-DCB8-4A50-AF6D-C654BB675F15}"
EndProject
Project("{9A19103F-16F7-4668-BE54-9A1E7A4F7556}") = "Assembly-CSharp", "Assembly-CSharp.csproj", "{C549F125-4668-4456-9E8D-A5F63C9043DB}"
EndProject
Global
	GlobalSection(SolutionConfigurationPlatforms) = preSolution
		Debug|Any CPU = Debug|Any CPU
		Release|Any CPU = Release|Any CPU
	EndGlobalSection
	GlobalSection(ProjectConfigurationPlatforms) = postSolution
		{59479618-DCB8-4A50-AF6D-C654BB675F15}.Debug|Any CPU.ActiveCfg = Debug|Any CPU
		{59479618-DCB8-4A50-AF6D-C654BB675F15}.Debug|Any CPU.Build.0 = Debug|Any CPU
		{59479618-DCB8-4A50-AF6D-C654BB675F15}.Release|Any CPU.ActiveCfg = Release|Any CPU
		{59479618-DCB8-4A50-AF6D-C654BB675F15}.Release|Any CPU.Build.0 = Release|Any CPU
		{C549F125-4668-4456-9E8D-A5F63C9043DB}.Debug|Any CPU.ActiveCfg = Debug|Any CPU
		{C549F125-4668-4456-9E8D-A5F63C9043DB}.Debug|Any CPU.Build.0 = Debug|Any CPU
		{C549F125-4668-4456-9E8D-A5F63C9043DB}.Release|Any CPU.ActiveCfg = Release|Any CPU
		{C549F125-4668-4456-9E8D-A5F63C9043DB}.Release|Any CPU.Build.0 = Release|Any CPU
	EndGlobalSection
	GlobalSection(SolutionProperties) = preSolution
		HideSolutionNode = FALSE
	EndGlobalSection
	GlobalSection(ExtensibilityGlobals) = postSolution
		SolutionGuid = {6250000E-9DD4-4465-AE63-F166D15FBFA2}
	EndGlobalSection
EndGlobal
